
Microsoft Visual Studio Solution File, Format Version 12.00
# Visual Studio Version 17
VisualStudioVersion = 17.2.32630.192
MinimumVisualStudioVersion = 10.0.40219.1
Project("{FAE04EC0-301F-11D3-BF4B-00C04F79EFBC}") = "UpHotel.API", "UpHotel.API.csproj", "{231E57AD-0D64-42BF-AED2-2541B8DF7A6A}"
EndProject
Project("{FAE04EC0-301F-11D3-BF4B-00C04F79EFBC}") = "UpHotel.Business", "..\UpHotel.Business\UpHotel.Business.csproj", "{B64F8D3D-C71B-4FF5-8DDE-7576086DA198}"
EndProject
Project("{FAE04EC0-301F-11D3-BF4B-00C04F79EFBC}") = "UpHotel.Data", "..\UpHotel.Data\UpHotel.Data.csproj", "{F07F8FEE-644C-42E6-8632-0B12BFA1F107}"
EndProject
Global
	GlobalSection(SolutionConfigurationPlatforms) = preSolution
		Debug|Any CPU = Debug|Any CPU
		Release|Any CPU = Release|Any CPU
	EndGlobalSection
	GlobalSection(ProjectConfigurationPlatforms) = postSolution
		{231E57AD-0D64-42BF-AED2-2541B8DF7A6A}.Debug|Any CPU.ActiveCfg = Debug|Any CPU
		{231E57AD-0D64-42BF-AED2-2541B8DF7A6A}.Debug|Any CPU.Build.0 = Debug|Any CPU
		{231E57AD-0D64-42BF-AED2-2541B8DF7A6A}.Release|Any CPU.ActiveCfg = Release|Any CPU
		{231E57AD-0D64-42BF-AED2-2541B8DF7A6A}.Release|Any CPU.Build.0 = Release|Any CPU
		{B64F8D3D-C71B-4FF5-8DDE-7576086DA198}.Debug|Any CPU.ActiveCfg = Debug|Any CPU
		{B64F8D3D-C71B-4FF5-8DDE-7576086DA198}.Debug|Any CPU.Build.0 = Debug|Any CPU
		{B64F8D3D-C71B-4FF5-8DDE-7576086DA198}.Release|Any CPU.ActiveCfg = Release|Any CPU
		{B64F8D3D-C71B-4FF5-8DDE-7576086DA198}.Release|Any CPU.Build.0 = Release|Any CPU
		{F07F8FEE-644C-42E6-8632-0B12BFA1F107}.Debug|Any CPU.ActiveCfg = Debug|Any CPU
		{F07F8FEE-644C-42E6-8632-0B12BFA1F107}.Debug|Any CPU.Build.0 = Debug|Any CPU
		{F07F8FEE-644C-42E6-8632-0B12BFA1F107}.Release|Any CPU.ActiveCfg = Release|Any CPU
		{F07F8FEE-644C-42E6-8632-0B12BFA1F107}.Release|Any CPU.Build.0 = Release|Any CPU
	EndGlobalSection
	GlobalSection(SolutionProperties) = preSolution
		HideSolutionNode = FALSE
	EndGlobalSection
	GlobalSection(ExtensibilityGlobals) = postSolution
		SolutionGuid = {384FC3C4-6E4A-4AE3-B37D-B2B274F0DAA5}
	EndGlobalSection
EndGlobal
